
Microsoft Visual Studio Solution File, Format Version 12.00
# Visual Studio Version 17
VisualStudioVersion = 17.11.35222.181
MinimumVisualStudioVersion = 10.0.40219.1
Project("{FAE04EC0-301F-11D3-BF4B-00C04F79EFBC}") = "PoliceDatabaseProgam", "PoliceDatabaseProgam\PoliceDatabaseProgam.csproj", "{174EDCD4-3FC5-431A-A8C0-0008F8A24EE4}"
EndProject
Global
	GlobalSection(SolutionConfigurationPlatforms) = preSolution
		Debug|Any CPU = Debug|Any CPU
		Debug|x64 = Debug|x64
		Release|Any CPU = Release|Any CPU
		Release|x64 = Release|x64
	EndGlobalSection
	GlobalSection(ProjectConfigurationPlatforms) = postSolution
		{174EDCD4-3FC5-431A-A8C0-0008F8A24EE4}.Debug|Any CPU.ActiveCfg = Debug|Any CPU
		{174EDCD4-3FC5-431A-A8C0-0008F8A24EE4}.Debug|Any CPU.Build.0 = Debug|Any CPU
		{174EDCD4-3FC5-431A-A8C0-0008F8A24EE4}.Debug|x64.ActiveCfg = Debug|x64
		{174EDCD4-3FC5-431A-A8C0-0008F8A24EE4}.Debug|x64.Build.0 = Debug|x64
		{174EDCD4-3FC5-431A-A8C0-0008F8A24EE4}.Release|Any CPU.ActiveCfg = Release|Any CPU
		{174EDCD4-3FC5-431A-A8C0-0008F8A24EE4}.Release|Any CPU.Build.0 = Release|Any CPU
		{174EDCD4-3FC5-431A-A8C0-0008F8A24EE4}.Release|x64.ActiveCfg = Release|x64
		{174EDCD4-3FC5-431A-A8C0-0008F8A24EE4}.Release|x64.Build.0 = Release|x64
	EndGlobalSection
	GlobalSection(SolutionProperties) = preSolution
		HideSolutionNode = FALSE
	EndGlobalSection
	GlobalSection(ExtensibilityGlobals) = postSolution
		SolutionGuid = {EAE42CB9-9699-4B51-BEF7-A80ADD13AC66}
	EndGlobalSection
EndGlobal
